
Microsoft Visual Studio Solution File, Format Version 12.00
# Visual Studio Version 17
VisualStudioVersion = 17.2.32630.192
MinimumVisualStudioVersion = 10.0.40219.1
Project("{FAE04EC0-301F-11D3-BF4B-00C04F79EFBC}") = "Musher", "Musher\Musher.csproj", "{06990312-E0CA-4865-9F92-A6C70AAF9700}"
EndProject
Global
	GlobalSection(SolutionConfigurationPlatforms) = preSolution
		Debug|Any CPU = Debug|Any CPU
		Release|Any CPU = Release|Any CPU
	EndGlobalSection
	GlobalSection(ProjectConfigurationPlatforms) = postSolution
		{06990312-E0CA-4865-9F92-A6C70AAF9700}.Debug|Any CPU.ActiveCfg = Debug|Any CPU
		{06990312-E0CA-4865-9F92-A6C70AAF9700}.Debug|Any CPU.Build.0 = Debug|Any CPU
		{06990312-E0CA-4865-9F92-A6C70AAF9700}.Release|Any CPU.ActiveCfg = Release|Any CPU
		{06990312-E0CA-4865-9F92-A6C70AAF9700}.Release|Any CPU.Build.0 = Release|Any CPU
	EndGlobalSection
	GlobalSection(SolutionProperties) = preSolution
		HideSolutionNode = FALSE
	EndGlobalSection
	GlobalSection(ExtensibilityGlobals) = postSolution
		SolutionGuid = {6EF99628-597B-4466-A574-BFEA5871EBB2}
	EndGlobalSection
EndGlobal
